{
  "nodes": {
    "nitroarc": {
      "flake": false,
      "locked": {
        "lastModified": 1773078804,
        "narHash": "sha256-leEVFE1S5rIQ/5eA2UTHCLVWbjRWLtKN6l+q/VsH1OY=",
        "ref": "ffi",
        "rev": "3a9b024907996f8b07a2ef42fb83580e94486a62",
        "revCount": 59,
        "type": "git",
        "url": "https://codeberg.org/Kalaay/nitroarc.git"
      },
      "original": {
        "ref": "ffi",
        "type": "git",
        "url": "https://codeberg.org/Kalaay/nitroarc.git"
      }
    },
    "nixpkgs": {
      "locked": {
        "lastModified": 1767313136,
        "narHash": "sha256-16KkgfdYqjaeRGBaYsNrhPRRENs0qzkQVUooNHtoy2w=",
        "owner": "NixOS",
        "repo": "nixpkgs",
        "rev": "ac62194c3917d5f474c1a844b6fd6da2db95077d",
        "type": "github"
      },
      "original": {
        "owner": "NixOS",
        "ref": "nixos-25.05",
        "repo": "nixpkgs",
        "type": "github"
      }
    },
    "root": {
      "inputs": {
        "nitroarc": "nitroarc",
        "nixpkgs": "nixpkgs"
      }
    }
  },
  "root": "root",
  "version": 7
}
